
Microsoft Visual Studio Solution File, Format Version 12.00
# Visual Studio Version 17
VisualStudioVersion = 17.0.31903.59
MinimumVisualStudioVersion = 10.0.40219.1
Project("{FAE04EC0-301F-11D3-BF4B-00C04F79EFBC}") = "CalculateSquare", "CalculateSquare\CalculateSquare.csproj", "{387ADBD4-15BA-42AC-B6FA-C9B3B4B849D7}"
EndProject
Project("{FAE04EC0-301F-11D3-BF4B-00C04F79EFBC}") = "TestCalculateSquare", "TestCalculateSquare\TestCalculateSquare.csproj", "{A20D9D29-564B-498F-A407-45D2CDA5E684}"
EndProject
Global
	GlobalSection(SolutionConfigurationPlatforms) = preSolution
		Debug|Any CPU = Debug|Any CPU
		Release|Any CPU = Release|Any CPU
	EndGlobalSection
	GlobalSection(ProjectConfigurationPlatforms) = postSolution
		{387ADBD4-15BA-42AC-B6FA-C9B3B4B849D7}.Debug|Any CPU.ActiveCfg = Debug|Any CPU
		{387ADBD4-15BA-42AC-B6FA-C9B3B4B849D7}.Debug|Any CPU.Build.0 = Debug|Any CPU
		{387ADBD4-15BA-42AC-B6FA-C9B3B4B849D7}.Release|Any CPU.ActiveCfg = Release|Any CPU
		{387ADBD4-15BA-42AC-B6FA-C9B3B4B849D7}.Release|Any CPU.Build.0 = Release|Any CPU
		{A20D9D29-564B-498F-A407-45D2CDA5E684}.Debug|Any CPU.ActiveCfg = Debug|Any CPU
		{A20D9D29-564B-498F-A407-45D2CDA5E684}.Debug|Any CPU.Build.0 = Debug|Any CPU
		{A20D9D29-564B-498F-A407-45D2CDA5E684}.Release|Any CPU.ActiveCfg = Release|Any CPU
		{A20D9D29-564B-498F-A407-45D2CDA5E684}.Release|Any CPU.Build.0 = Release|Any CPU
	EndGlobalSection
	GlobalSection(SolutionProperties) = preSolution
		HideSolutionNode = FALSE
	EndGlobalSection
	GlobalSection(ExtensibilityGlobals) = postSolution
		SolutionGuid = {2EC93DAA-77AA-4E06-9642-0731A00E0864}
	EndGlobalSection
EndGlobal
